
Microsoft Visual Studio Solution File, Format Version 12.00
# Visual Studio Version 16
VisualStudioVersion = 16.0.29926.136
MinimumVisualStudioVersion = 10.0.40219.1
Project("{FAE04EC0-301F-11D3-BF4B-00C04F79EFBC}") = "SponsorAdjustments", "SponsorAdjustment\SponsorAdjustments.csproj", "{C72372E0-1320-4001-8024-039F8C5BDCA3}"
EndProject
Global
	GlobalSection(SolutionConfigurationPlatforms) = preSolution
		Debug|Any CPU = Debug|Any CPU
		Release|Any CPU = Release|Any CPU
	EndGlobalSection
	GlobalSection(ProjectConfigurationPlatforms) = postSolution
		{C72372E0-1320-4001-8024-039F8C5BDCA3}.Debug|Any CPU.ActiveCfg = Debug|Any CPU
		{C72372E0-1320-4001-8024-039F8C5BDCA3}.Debug|Any CPU.Build.0 = Debug|Any CPU
		{C72372E0-1320-4001-8024-039F8C5BDCA3}.Release|Any CPU.ActiveCfg = Release|Any CPU
		{C72372E0-1320-4001-8024-039F8C5BDCA3}.Release|Any CPU.Build.0 = Release|Any CPU
	EndGlobalSection
	GlobalSection(SolutionProperties) = preSolution
		HideSolutionNode = FALSE
	EndGlobalSection
	GlobalSection(ExtensibilityGlobals) = postSolution
		SolutionGuid = {32752E23-7B17-4EC8-A1E4-DF4C2118DEE9}
	EndGlobalSection
EndGlobal
